// !$*UTF8*$!
{
	archiveVersion = 1;
	classes = {
	};
	objectVersion = 56;
	objects = {

/* Begin PBXBuildFile section */
		3A495CB22B3F01870003571C /* blck_interApp.swift in Sources */ = {isa = PBXBuildFile; fileRef = 3A495CB12B3F01870003571C /* blck_interApp.swift */; };
		3A495CB42B3F01870003571C /* ContentView.swift in Sources */ = {isa = PBXBuildFile; fileRef = 3A495CB32B3F01870003571C /* ContentView.swift */; };
		3A495CB62B3F01900003571C /* Assets.xcassets in Resources */ = {isa = PBXBuildFile; fileRef = 3A495CB52B3F01900003571C /* Assets.xcassets */; };
		3A495CB92B3F01900003571C /* Preview Assets.xcassets in Resources */ = {isa = PBXBuildFile; fileRef = 3A495CB82B3F01900003571C /* Preview Assets.xcassets */; };
		3A495CC02B3F01AE0003571C /* TabBar.swift in Sources */ = {isa = PBXBuildFile; fileRef = 3A495CBF2B3F01AE0003571C /* TabBar.swift */; };
		3A495CC42B3F98F80003571C /* Refine.swift in Sources */ = {isa = PBXBuildFile; fileRef = 3A495CC32B3F98F80003571C /* Refine.swift */; };
		3A495CC62B406F520003571C /* sampleData.swift in Sources */ = {isa = PBXBuildFile; fileRef = 3A495CC52B406F520003571C /* sampleData.swift */; };
		3A495CC82B40D4890003571C /* Personal.swift in Sources */ = {isa = PBXBuildFile; fileRef = 3A495CC72B40D4880003571C /* Personal.swift */; };
/* End PBXBuildFile section */

/* Begin PBXFileReference section */
		3A495CAE2B3F01870003571C /* blck_inter.app */ = {isa = PBXFileReference; explicitFileType = wrapper.application; includeInIndex = 0; path = blck_inter.app; sourceTree = BUILT_PRODUCTS_DIR; };
		3A495CB12B3F01870003571C /* blck_interApp.swift */ = {isa = PBXFileReference; lastKnownFileType = sourcecode.swift; path = blck_interApp.swift; sourceTree = "<group>"; };
		3A495CB32B3F01870003571C /* ContentView.swift */ = {isa = PBXFileReference; lastKnownFileType = sourcecode.swift; path = ContentView.swift; sourceTree = "<group>"; };
		3A495CB52B3F01900003571C /* Assets.xcassets */ = {isa = PBXFileReference; lastKnownFileType = folder.assetcatalog; path = Assets.xcassets; sourceTree = "<group>"; };
		3A495CB82B3F01900003571C /* Preview Assets.xcassets */ = {isa = PBXFileReference; lastKnownFileType = folder.assetcatalog; path = "Preview Assets.xcassets"; sourceTree = "<group>"; };
		3A495CBF2B3F01AE0003571C /* TabBar.swift */ = {isa = PBXFileReference; lastKnownFileType = sourcecode.swift; path = TabBar.swift; sourceTree = "<group>"; };
		3A495CC32B3F98F80003571C /* Refine.swift */ = {isa = PBXFileReference; lastKnownFileType = sourcecode.swift; path = Refine.swift; sourceTree = "<group>"; wrapsLines = 1; };
		3A495CC52B406F520003571C /* sampleData.swift */ = {isa = PBXFileReference; lastKnownFileType = sourcecode.swift; path = sampleData.swift; sourceTree = "<group>"; };
		3A495CC72B40D4880003571C /* Personal.swift */ = {isa = PBXFileReference; lastKnownFileType = sourcecode.swift; path = Personal.swift; sourceTree = "<group>"; };
/* End PBXFileReference section */

/* Begin PBXFrameworksBuildPhase section */
		3A495CAB2B3F01870003571C /* Frameworks */ = {
			isa = PBXFrameworksBuildPhase;
			buildActionMask = 2147483647;
			files = (
			);
			runOnlyForDeploymentPostprocessing = 0;
		};
/* End PBXFrameworksBuildPhase section */

/* Begin PBXGroup section */
		3A495CA52B3F01870003571C = {
			isa = PBXGroup;
			children = (
				3A495CB02B3F01870003571C /* blck_inter */,
				3A495CAF2B3F01870003571C /* Products */,
			);
			sourceTree = "<group>";
		};
		3A495CAF2B3F01870003571C /* Products */ = {
			isa = PBXGroup;
			children = (
				3A495CAE2B3F01870003571C /* blck_inter.app */,
			);
			name = Products;
			sourceTree = "<group>";
		};
		3A495CB02B3F01870003571C /* blck_inter */ = {
			isa = PBXGroup;
			children = (
				3A495CB12B3F01870003571C /* blck_interApp.swift */,
				3A495CC72B40D4880003571C /* Personal.swift */,
				3A495CB32B3F01870003571C /* ContentView.swift */,
				3A495CBF2B3F01AE0003571C /* TabBar.swift */,
				3A495CC32B3F98F80003571C /* Refine.swift */,
				3A495CB52B3F01900003571C /* Assets.xcassets */,
				3A495CB72B3F01900003571C /* Preview Content */,
				3A495CC52B406F520003571C /* sampleData.swift */,
			);
			path = blck_inter;
			sourceTree = "<group>";
		};
		3A495CB72B3F01900003571C /* Preview Content */ = {
			isa = PBXGroup;
			children = (
				3A495CB82B3F01900003571C /* Preview Assets.xcassets */,
			);
			path = "Preview Content";
			sourceTree = "<group>";
		};
/* End PBXGroup section */

/* Begin PBXNativeTarget section */
		3A495CAD2B3F01870003571C /* blck_inter */ = {
			isa = PBXNativeTarget;
			buildConfigurationList = 3A495CBC2B3F01900003571C /* Build configuration list for PBXNativeTarget "blck_inter" */;
			buildPhases = (
				3A495CAA2B3F01870003571C /* Sources */,
				3A495CAB2B3F01870003571C /* Frameworks */,
				3A495CAC2B3F01870003571C /* Resources */,
			);
			buildRules = (
			);
			dependencies = (
			);
			name = blck_inter;
			productName = blck_inter;
			productReference = 3A495CAE2B3F01870003571C /* blck_inter.app */;
			productType = "com.apple.product-type.application";
		};
/* End PBXNativeTarget section */

/* Begin PBXProject section */
		3A495CA62B3F01870003571C /* Project object */ = {
			isa = PBXProject;
			attributes = {
				BuildIndependentTargetsInParallel = 1;
				LastSwiftUpdateCheck = 1500;
				LastUpgradeCheck = 1500;
				TargetAttributes = {
					3A495CAD2B3F01870003571C = {
						CreatedOnToolsVersion = 15.0.1;
					};
				};
			};
			buildConfigurationList = 3A495CA92B3F01870003571C /* Build configuration list for PBXProject "blck_inter" */;
			compatibilityVersion = "Xcode 14.0";
			developmentRegion = en;
			hasScannedForEncodings = 0;
			knownRegions = (
				en,
				Base,
			);
			mainGroup = 3A495CA52B3F01870003571C;
			productRefGroup = 3A495CAF2B3F01870003571C /* Products */;
			projectDirPath = "";
			projectRoot = "";
			targets = (
				3A495CAD2B3F01870003571C /* blck_inter */,
			);
		};
/* End PBXProject section */

/* Begin PBXResourcesBuildPhase section */
		3A495CAC2B3F01870003571C /* Resources */ = {
			isa = PBXResourcesBuildPhase;
			buildActionMask = 2147483647;
			files = (
				3A495CB92B3F01900003571C /* Preview Assets.xcassets in Resources */,
				3A495CB62B3F01900003571C /* Assets.xcassets in Resources */,
			);
			runOnlyForDeploymentPostprocessing = 0;
		};
/* End PBXResourcesBuildPhase section */

/* Begin PBXSourcesBuildPhase section */
		3A495CAA2B3F01870003571C /* Sources */ = {
			isa = PBXSourcesBuildPhase;
			buildActionMask = 2147483647;
			files = (
				3A495CC02B3F01AE0003571C /* TabBar.swift in Sources */,
				3A495CB42B3F01870003571C /* ContentView.swift in Sources */,
				3A495CB22B3F01870003571C /* blck_interApp.swift in Sources */,
				3A495CC82B40D4890003571C /* Personal.swift in Sources */,
				3A495CC42B3F98F80003571C /* Refine.swift in Sources */,
				3A495CC62B406F520003571C /* sampleData.swift in Sources */,
			);
			runOnlyForDeploymentPostprocessing = 0;
		};
/* End PBXSourcesBuildPhase section */

/* Begin XCBuildConfiguration section */
		3A495CBA2B3F01900003571C /* Debug */ = {
			isa = XCBuildConfiguration;
			buildSettings = {
				ALWAYS_SEARCH_USER_PATHS = NO;
				ASSETCATALOG_COMPILER_GENERATE_SWIFT_ASSET_SYMBOL_EXTENSIONS = YES;
				CLANG_ANALYZER_NONNULL = YES;
				CLANG_ANALYZER_NUMBER_OBJECT_CONVERSION = YES_AGGRESSIVE;
				CLANG_CXX_LANGUAGE_STANDARD = "gnu++20";
				CLANG_ENABLE_MODULES = YES;
				CLANG_ENABLE_OBJC_ARC = YES;
				CLANG_ENABLE_OBJC_WEAK = YES;
				CLANG_WARN_BLOCK_CAPTURE_AUTORELEASING = YES;
				CLANG_WARN_BOOL_CONVERSION = YES;
				CLANG_WARN_COMMA = YES;
				CLANG_WARN_CONSTANT_CONVERSION = YES;
				CLANG_WARN_DEPRECATED_OBJC_IMPLEMENTATIONS = YES;
				CLANG_WARN_DIRECT_OBJC_ISA_USAGE = YES_ERROR;
				CLANG_WARN_DOCUMENTATION_COMMENTS = YES;
				CLANG_WARN_EMPTY_BODY = YES;
				CLANG_WARN_ENUM_CONVERSION = YES;
				CLANG_WARN_INFINITE_RECURSION = YES;
				CLANG_WARN_INT_CONVERSION = YES;
				CLANG_WARN_NON_LITERAL_NULL_CONVERSION = YES;
				CLANG_WARN_OBJC_IMPLICIT_RETAIN_SELF = YES;
				CLANG_WARN_OBJC_LITERAL_CONVERSION = YES;
				CLANG_WARN_OBJC_ROOT_CLASS = YES_ERROR;
				CLANG_WARN_QUOTED_INCLUDE_IN_FRAMEWORK_HEADER = YES;
				CLANG_WARN_RANGE_LOOP_ANALYSIS = YES;
				CLANG_WARN_STRICT_PROTOTYPES = YES;
				CLANG_WARN_SUSPICIOUS_MOVE = YES;
				CLANG_WARN_UNGUARDED_AVAILABILITY = YES_AGGRESSIVE;
				CLANG_WARN_UNREACHABLE_CODE = YES;
				CLANG_WARN__DUPLICATE_METHOD_MATCH = YES;
				COPY_PHASE_STRIP = NO;
				DEBUG_INFORMATION_FORMAT = dwarf;
				ENABLE_STRICT_OBJC_MSGSEND = YES;
				ENABLE_TESTABILITY = YES;
				ENABLE_USER_SCRIPT_SANDBOXING = YES;
				GCC_C_LANGUAGE_STANDARD = gnu17;
				GCC_DYNAMIC_NO_PIC = NO;
				GCC_NO_COMMON_BLOCKS = YES;
				GCC_OPTIMIZATION_LEVEL = 0;
				GCC_PREPROCESSOR_DEFINITIONS = (
					"DEBUG=1",
					"$(inherited)",
				);
				GCC_WARN_64_TO_32_BIT_CONVERSION = YES;
				GCC_WARN_ABOUT_RETURN_TYPE = YES_ERROR;
				GCC_WARN_UNDECLARED_SELECTOR = YES;
				GCC_WARN_UNINITIALIZED_AUTOS = YES_AGGRESSIVE;
				GCC_WARN_UNUSED_FUNCTION = YES;
				GCC_WARN_UNUSED_VARIABLE = YES;
				IPHONEOS_DEPLOYMENT_TARGET = 17.0;
				LOCALIZATION_PREFERS_STRING_CATALOGS = YES;
				MTL_ENABLE_DEBUG_INFO = INCLUDE_SOURCE;
				MTL_FAST_MATH = YES;
				ONLY_ACTIVE_ARCH = YES;
				SDKROOT = iphoneos;
				SWIFT_ACTIVE_COMPILATION_CONDITIONS = "DEBUG $(inherited)";
				SWIFT_OPTIMIZATION_LEVEL = "-Onone";
			};
			name = Debug;
		};
		3A495CBB2B3F01900003571C /* Release */ = {
			isa = XCBuildConfiguration;
			buildSettings = {
				ALWAYS_SEARCH_USER_PATHS = NO;
				ASSETCATALOG_COMPILER_GENERATE_SWIFT_ASSET_SYMBOL_EXTENSIONS = YES;
				CLANG_ANALYZER_NONNULL = YES;
				CLANG_ANALYZER_NUMBER_OBJECT_CONVERSION = YES_AGGRESSIVE;
				CLANG_CXX_LANGUAGE_STANDARD = "gnu++20";
				CLANG_ENABLE_MODULES = YES;
				CLANG_ENABLE_OBJC_ARC = YES;
				CLANG_ENABLE_OBJC_WEAK = YES;
				CLANG_WARN_BLOCK_CAPTURE_AUTORELEASING = YES;
				CLANG_WARN_BOOL_CONVERSION = YES;
				CLANG_WARN_COMMA = YES;
				CLANG_WARN_CONSTANT_CONVERSION = YES;
				CLANG_WARN_DEPRECATED_OBJC_IMPLEMENTATIONS = YES;
				CLANG_WARN_DIRECT_OBJC_ISA_USAGE = YES_ERROR;
				CLANG_WARN_DOCUMENTATION_COMMENTS = YES;
				CLANG_WARN_EMPTY_BODY = YES;
				CLANG_WARN_ENUM_CONVERSION = YES;
				CLANG_WARN_INFINITE_RECURSION = YES;
				CLANG_WARN_INT_CONVERSION = YES;
				CLANG_WARN_NON_LITERAL_NULL_CONVERSION = YES;
				CLANG_WARN_OBJC_IMPLICIT_RETAIN_SELF = YES;
				CLANG_WARN_OBJC_LITERAL_CONVERSION = YES;
				CLANG_WARN_OBJC_ROOT_CLASS = YES_ERROR;
				CLANG_WARN_QUOTED_INCLUDE_IN_FRAMEWORK_HEADER = YES;
				CLANG_WARN_RANGE_LOOP_ANALYSIS = YES;
				CLANG_WARN_STRICT_PROTOTYPES = YES;
				CLANG_WARN_SUSPICIOUS_MOVE = YES;
				CLANG_WARN_UNGUARDED_AVAILABILITY = YES_AGGRESSIVE;
				CLANG_WARN_UNREACHABLE_CODE = YES;
				CLANG_WARN__DUPLICATE_METHOD_MATCH = YES;
				COPY_PHASE_STRIP = NO;
				DEBUG_INFORMATION_FORMAT = "dwarf-with-dsym";
				ENABLE_NS_ASSERTIONS = NO;
				ENABLE_STRICT_OBJC_MSGSEND = YES;
				ENABLE_USER_SCRIPT_SANDBOXING = YES;
				GCC_C_LANGUAGE_STANDARD = gnu17;
				GCC_NO_COMMON_BLOCKS = YES;
				GCC_WARN_64_TO_32_BIT_CONVERSION = YES;
				GCC_WARN_ABOUT_RETURN_TYPE = YES_ERROR;
				GCC_WARN_UNDECLARED_SELECTOR = YES;
				GCC_WARN_UNINITIALIZED_AUTOS = YES_AGGRESSIVE;
				GCC_WARN_UNUSED_FUNCTION = YES;
				GCC_WARN_UNUSED_VARIABLE = YES;
				IPHONEOS_DEPLOYMENT_TARGET = 17.0;
				LOCALIZATION_PREFERS_STRING_CATALOGS = YES;
				MTL_ENABLE_DEBUG_INFO = NO;
				MTL_FAST_MATH = YES;
				SDKROOT = iphoneos;
				SWIFT_COMPILATION_MODE = wholemodule;
				VALIDATE_PRODUCT = YES;
			};
			name = Release;
		};
		3A495CBD2B3F01900003571C /* Debug */ = {
			isa = XCBuildConfiguration;
			buildSettings = {
				ASSETCATALOG_COMPILER_APPICON_NAME = AppIcon;
				ASSETCATALOG_COMPILER_GLOBAL_ACCENT_COLOR_NAME = AccentColor;
				CODE_SIGN_STYLE = Automatic;
				CURRENT_PROJECT_VERSION = 1;
				DEVELOPMENT_ASSET_PATHS = "\"blck_inter/Preview Content\"";
				DEVELOPMENT_TEAM = 3KT7SNQ3V5;
				ENABLE_PREVIEWS = YES;
				GENERATE_INFOPLIST_FILE = YES;
				INFOPLIST_KEY_UIApplicationSceneManifest_Generation = YES;
				INFOPLIST_KEY_UIApplicationSupportsIndirectInputEvents = YES;
				INFOPLIST_KEY_UILaunchScreen_Generation = YES;
				INFOPLIST_KEY_UISupportedInterfaceOrientations_iPad = "UIInterfaceOrientationPortrait UIInterfaceOrientationPortraitUpsideDown UIInterfaceOrientationLandscapeLeft UIInterfaceOrientationLandscapeRight";
				INFOPLIST_KEY_UISupportedInterfaceOrientations_iPhone = "UIInterfaceOrientationPortrait UIInterfaceOrientationLandscapeLeft UIInterfaceOrientationLandscapeRight";
				LD_RUNPATH_SEARCH_PATHS = (
					"$(inherited)",
					"@executable_path/Frameworks",
				);
				MARKETING_VERSION = 1.0;
				PRODUCT_BUNDLE_IDENTIFIER = "com.harsh.blck-inter";
				PRODUCT_NAME = "$(TARGET_NAME)";
				SWIFT_EMIT_LOC_STRINGS = YES;
				SWIFT_VERSION = 5.0;
				TARGETED_DEVICE_FAMILY = "1,2";
			};
			name = Debug;
		};
		3A495CBE2B3F01900003571C /* Release */ = {
			isa = XCBuildConfiguration;
			buildSettings = {
				ASSETCATALOG_COMPILER_APPICON_NAME = AppIcon;
				ASSETCATALOG_COMPILER_GLOBAL_ACCENT_COLOR_NAME = AccentColor;
				CODE_SIGN_STYLE = Automatic;
				CURRENT_PROJECT_VERSION = 1;
				DEVELOPMENT_ASSET_PATHS = "\"blck_inter/Preview Content\"";
				DEVELOPMENT_TEAM = 3KT7SNQ3V5;
				ENABLE_PREVIEWS = YES;
				GENERATE_INFOPLIST_FILE = YES;
				INFOPLIST_KEY_UIApplicationSceneManifest_Generation = YES;
				INFOPLIST_KEY_UIApplicationSupportsIndirectInputEvents = YES;
				INFOPLIST_KEY_UILaunchScreen_Generation = YES;
				INFOPLIST_KEY_UISupportedInterfaceOrientations_iPad = "UIInterfaceOrientationPortrait UIInterfaceOrientationPortraitUpsideDown UIInterfaceOrientationLandscapeLeft UIInterfaceOrientationLandscapeRight";
				INFOPLIST_KEY_UISupportedInterfaceOrientations_iPhone = "UIInterfaceOrientationPortrait UIInterfaceOrientationLandscapeLeft UIInterfaceOrientationLandscapeRight";
				LD_RUNPATH_SEARCH_PATHS = (
					"$(inherited)",
					"@executable_path/Frameworks",
				);
				MARKETING_VERSION = 1.0;
				PRODUCT_BUNDLE_IDENTIFIER = "com.harsh.blck-inter";
				PRODUCT_NAME = "$(TARGET_NAME)";
				SWIFT_EMIT_LOC_STRINGS = YES;
				SWIFT_VERSION = 5.0;
				TARGETED_DEVICE_FAMILY = "1,2";
			};
			name = Release;
		};
/* End XCBuildConfiguration section */

/* Begin XCConfigurationList section */
		3A495CA92B3F01870003571C /* Build configuration list for PBXProject "blck_inter" */ = {
			isa = XCConfigurationList;
			buildConfigurations = (
				3A495CBA2B3F01900003571C /* Debug */,
				3A495CBB2B3F01900003571C /* Release */,
			);
			defaultConfigurationIsVisible = 0;
			defaultConfigurationName = Release;
		};
		3A495CBC2B3F01900003571C /* Build configuration list for PBXNativeTarget "blck_inter" */ = {
			isa = XCConfigurationList;
			buildConfigurations = (
				3A495CBD2B3F01900003571C /* Debug */,
				3A495CBE2B3F01900003571C /* Release */,
			);
			defaultConfigurationIsVisible = 0;
			defaultConfigurationName = Release;
		};
/* End XCConfigurationList section */
	};
	rootObject = 3A495CA62B3F01870003571C /* Project object */;
}
